
Microsoft Visual Studio Solution File, Format Version 12.00
# Visual Studio Version 16
VisualStudioVersion = 16.0.30114.105
MinimumVisualStudioVersion = 10.0.40219.1
Project("{FAE04EC0-301F-11D3-BF4B-00C04F79EFBC}") = "Xpress.Web", "Xpress.Web\Xpress.Web.csproj", "{3DCF23D8-FCF9-4AE9-8994-E1178115F6EF}"
EndProject
Project("{FAE04EC0-301F-11D3-BF4B-00C04F79EFBC}") = "Xpress.Common", "Xpress.Common\Xpress.Common.csproj", "{20FBBC6B-13C7-419C-B2EA-D0FC825822D0}"
EndProject
Global
	GlobalSection(SolutionConfigurationPlatforms) = preSolution
		Debug|Any CPU = Debug|Any CPU
		Release|Any CPU = Release|Any CPU
	EndGlobalSection
	GlobalSection(ProjectConfigurationPlatforms) = postSolution
		{3DCF23D8-FCF9-4AE9-8994-E1178115F6EF}.Debug|Any CPU.ActiveCfg = Debug|Any CPU
		{3DCF23D8-FCF9-4AE9-8994-E1178115F6EF}.Debug|Any CPU.Build.0 = Debug|Any CPU
		{3DCF23D8-FCF9-4AE9-8994-E1178115F6EF}.Release|Any CPU.ActiveCfg = Release|Any CPU
		{3DCF23D8-FCF9-4AE9-8994-E1178115F6EF}.Release|Any CPU.Build.0 = Release|Any CPU
		{20FBBC6B-13C7-419C-B2EA-D0FC825822D0}.Debug|Any CPU.ActiveCfg = Debug|Any CPU
		{20FBBC6B-13C7-419C-B2EA-D0FC825822D0}.Debug|Any CPU.Build.0 = Debug|Any CPU
		{20FBBC6B-13C7-419C-B2EA-D0FC825822D0}.Release|Any CPU.ActiveCfg = Release|Any CPU
		{20FBBC6B-13C7-419C-B2EA-D0FC825822D0}.Release|Any CPU.Build.0 = Release|Any CPU
	EndGlobalSection
	GlobalSection(SolutionProperties) = preSolution
		HideSolutionNode = FALSE
	EndGlobalSection
	GlobalSection(ExtensibilityGlobals) = postSolution
		SolutionGuid = {1AE4EDA7-3312-42CF-B872-2BFEFB870A61}
	EndGlobalSection
EndGlobal
